
Microsoft Visual Studio Solution File, Format Version 12.00
# Visual Studio 2013
VisualStudioVersion = 12.0.31101.0
MinimumVisualStudioVersion = 10.0.40219.1
Project("{8BC9CEB8-8B4A-11D0-8D11-00A0C91BC942}") = "cswork", "cswork\cswork\cswork.vcxproj", "{61DBB08E-BDFF-4D17-BFC9-3F840F6BC836}"
EndProject
Project("{8BC9CEB8-8B4A-11D0-8D11-00A0C91BC942}") = "pattern", "pattern\pattern.vcxproj", "{CF11A840-7451-4F6D-850D-FED696DB4A52}"
EndProject
Project("{8BC9CEB8-8B4A-11D0-8D11-00A0C91BC942}") = "CSTL", "CSTL\CSTL.vcxproj", "{57AE32DD-279C-4A92-975A-08F004F0187F}"
EndProject
Project("{8BC9CEB8-8B4A-11D0-8D11-00A0C91BC942}") = "Win32", "Win32\Win32.vcxproj", "{29F3D358-5418-42B0-86D8-6C5D76BEFA0E}"
EndProject
Project("{FAE04EC0-301F-11D3-BF4B-00C04F79EFBC}") = "ConsoleApplication1", "ConsoleApplication1\ConsoleApplication1.csproj", "{8C7904AD-A2E5-45EB-A7D7-5242F6204380}"
EndProject
Project("{8BC9CEB8-8B4A-11D0-8D11-00A0C91BC942}") = "mfcPlay", "mfcPlay\mfcPlay.vcxproj", "{F25ECAAD-FF1D-493E-89BD-8E7EFB0DF86A}"
EndProject
Project("{2150E333-8FDC-42A3-9474-1A3956D46DE8}") = "STL", "STL", "{DFE542F5-D67C-4449-9C10-3FF4AFE920C8}"
EndProject
Project("{8BC9CEB8-8B4A-11D0-8D11-00A0C91BC942}") = "stddll", "stddll\stddll.vcxproj", "{712249EE-751D-4B9D-945F-AE297DCBF2ED}"
EndProject
Project("{2150E333-8FDC-42A3-9474-1A3956D46DE8}") = "DataStructure", "DataStructure", "{5B8508CC-CD10-4FB1-8EB2-B6874ABA995C}"
EndProject
Project("{2150E333-8FDC-42A3-9474-1A3956D46DE8}") = "MFC", "MFC", "{5A6B6935-B2DB-4638-942B-CBFA15A074DD}"
EndProject
Project("{2150E333-8FDC-42A3-9474-1A3956D46DE8}") = "Object", "Object", "{A47ABAA5-3A3D-47C9-929F-DB936D60BAB1}"
EndProject
Project("{2150E333-8FDC-42A3-9474-1A3956D46DE8}") = ".NET", ".NET", "{7B6115DC-2FFD-4D72-8E38-56FD9D63532C}"
EndProject
Project("{2150E333-8FDC-42A3-9474-1A3956D46DE8}") = "Win32", "Win32", "{F3385BC5-3D3A-414D-9D51-EA134470C7A5}"
EndProject
Global
	GlobalSection(SolutionConfigurationPlatforms) = preSolution
		Debug|Any CPU = Debug|Any CPU
		Debug|ARM = Debug|ARM
		Debug|Mixed Platforms = Debug|Mixed Platforms
		Debug|Win32 = Debug|Win32
		Debug|x64 = Debug|x64
		Debug|x86 = Debug|x86
		Release|Any CPU = Release|Any CPU
		Release|ARM = Release|ARM
		Release|Mixed Platforms = Release|Mixed Platforms
		Release|Win32 = Release|Win32
		Release|x64 = Release|x64
		Release|x86 = Release|x86
	EndGlobalSection
	GlobalSection(ProjectConfigurationPlatforms) = postSolution
		{61DBB08E-BDFF-4D17-BFC9-3F840F6BC836}.Debug|Any CPU.ActiveCfg = Debug|Win32
		{61DBB08E-BDFF-4D17-BFC9-3F840F6BC836}.Debug|ARM.ActiveCfg = Debug|Win32
		{61DBB08E-BDFF-4D17-BFC9-3F840F6BC836}.Debug|Mixed Platforms.ActiveCfg = Debug|Win32
		{61DBB08E-BDFF-4D17-BFC9-3F840F6BC836}.Debug|Mixed Platforms.Build.0 = Debug|Win32
		{61DBB08E-BDFF-4D17-BFC9-3F840F6BC836}.Debug|Win32.ActiveCfg = Debug|Win32
		{61DBB08E-BDFF-4D17-BFC9-3F840F6BC836}.Debug|Win32.Build.0 = Debug|Win32
		{61DBB08E-BDFF-4D17-BFC9-3F840F6BC836}.Debug|x64.ActiveCfg = Debug|Win32
		{61DBB08E-BDFF-4D17-BFC9-3F840F6BC836}.Debug|x86.ActiveCfg = Debug|Win32
		{61DBB08E-BDFF-4D17-BFC9-3F840F6BC836}.Debug|x86.Build.0 = Debug|Win32
		{61DBB08E-BDFF-4D17-BFC9-3F840F6BC836}.Release|Any CPU.ActiveCfg = Release|Win32
		{61DBB08E-BDFF-4D17-BFC9-3F840F6BC836}.Release|ARM.ActiveCfg = Release|Win32
		{61DBB08E-BDFF-4D17-BFC9-3F840F6BC836}.Release|Mixed Platforms.ActiveCfg = Release|Win32
		{61DBB08E-BDFF-4D17-BFC9-3F840F6BC836}.Release|Mixed Platforms.Build.0 = Release|Win32
		{61DBB08E-BDFF-4D17-BFC9-3F840F6BC836}.Release|Win32.ActiveCfg = Release|Win32
		{61DBB08E-BDFF-4D17-BFC9-3F840F6BC836}.Release|Win32.Build.0 = Release|Win32
		{61DBB08E-BDFF-4D17-BFC9-3F840F6BC836}.Release|x64.ActiveCfg = Release|Win32
		{61DBB08E-BDFF-4D17-BFC9-3F840F6BC836}.Release|x86.ActiveCfg = Release|Win32
		{61DBB08E-BDFF-4D17-BFC9-3F840F6BC836}.Release|x86.Build.0 = Release|Win32
		{CF11A840-7451-4F6D-850D-FED696DB4A52}.Debug|Any CPU.ActiveCfg = Debug|Win32
		{CF11A840-7451-4F6D-850D-FED696DB4A52}.Debug|ARM.ActiveCfg = Debug|Win32
		{CF11A840-7451-4F6D-850D-FED696DB4A52}.Debug|Mixed Platforms.ActiveCfg = Debug|Win32
		{CF11A840-7451-4F6D-850D-FED696DB4A52}.Debug|Mixed Platforms.Build.0 = Debug|Win32
		{CF11A840-7451-4F6D-850D-FED696DB4A52}.Debug|Win32.ActiveCfg = Debug|Win32
		{CF11A840-7451-4F6D-850D-FED696DB4A52}.Debug|Win32.Build.0 = Debug|Win32
		{CF11A840-7451-4F6D-850D-FED696DB4A52}.Debug|x64.ActiveCfg = Debug|Win32
		{CF11A840-7451-4F6D-850D-FED696DB4A52}.Debug|x86.ActiveCfg = Debug|Win32
		{CF11A840-7451-4F6D-850D-FED696DB4A52}.Debug|x86.Build.0 = Debug|Win32
		{CF11A840-7451-4F6D-850D-FED696DB4A52}.Release|Any CPU.ActiveCfg = Release|Win32
		{CF11A840-7451-4F6D-850D-FED696DB4A52}.Release|ARM.ActiveCfg = Release|Win32
		{CF11A840-7451-4F6D-850D-FED696DB4A52}.Release|Mixed Platforms.ActiveCfg = Release|Win32
		{CF11A840-7451-4F6D-850D-FED696DB4A52}.Release|Mixed Platforms.Build.0 = Release|Win32
		{CF11A840-7451-4F6D-850D-FED696DB4A52}.Release|Win32.ActiveCfg = Release|Win32
		{CF11A840-7451-4F6D-850D-FED696DB4A52}.Release|Win32.Build.0 = Release|Win32
		{CF11A840-7451-4F6D-850D-FED696DB4A52}.Release|x64.ActiveCfg = Release|Win32
		{CF11A840-7451-4F6D-850D-FED696DB4A52}.Release|x86.ActiveCfg = Release|Win32
		{CF11A840-7451-4F6D-850D-FED696DB4A52}.Release|x86.Build.0 = Release|Win32
		{57AE32DD-279C-4A92-975A-08F004F0187F}.Debug|Any CPU.ActiveCfg = Debug|Win32
		{57AE32DD-279C-4A92-975A-08F004F0187F}.Debug|ARM.ActiveCfg = Debug|Win32
		{57AE32DD-279C-4A92-975A-08F004F0187F}.Debug|Mixed Platforms.ActiveCfg = Debug|Win32
		{57AE32DD-279C-4A92-975A-08F004F0187F}.Debug|Mixed Platforms.Build.0 = Debug|Win32
		{57AE32DD-279C-4A92-975A-08F004F0187F}.Debug|Win32.ActiveCfg = Debug|Win32
		{57AE32DD-279C-4A92-975A-08F004F0187F}.Debug|Win32.Build.0 = Debug|Win32
		{57AE32DD-279C-4A92-975A-08F004F0187F}.Debug|x64.ActiveCfg = Debug|Win32
		{57AE32DD-279C-4A92-975A-08F004F0187F}.Debug|x86.ActiveCfg = Debug|Win32
		{57AE32DD-279C-4A92-975A-08F004F0187F}.Debug|x86.Build.0 = Debug|Win32
		{57AE32DD-279C-4A92-975A-08F004F0187F}.Release|Any CPU.ActiveCfg = Release|Win32
		{57AE32DD-279C-4A92-975A-08F004F0187F}.Release|ARM.ActiveCfg = Release|Win32
		{57AE32DD-279C-4A92-975A-08F004F0187F}.Release|Mixed Platforms.ActiveCfg = Release|Win32
		{57AE32DD-279C-4A92-975A-08F004F0187F}.Release|Mixed Platforms.Build.0 = Release|Win32
		{57AE32DD-279C-4A92-975A-08F004F0187F}.Release|Win32.ActiveCfg = Release|Win32
		{57AE32DD-279C-4A92-975A-08F004F0187F}.Release|Win32.Build.0 = Release|Win32
		{57AE32DD-279C-4A92-975A-08F004F0187F}.Release|x64.ActiveCfg = Release|Win32
		{57AE32DD-279C-4A92-975A-08F004F0187F}.Release|x86.ActiveCfg = Release|Win32
		{57AE32DD-279C-4A92-975A-08F004F0187F}.Release|x86.Build.0 = Release|Win32
		{29F3D358-5418-42B0-86D8-6C5D76BEFA0E}.Debug|Any CPU.ActiveCfg = Debug|Win32
		{29F3D358-5418-42B0-86D8-6C5D76BEFA0E}.Debug|ARM.ActiveCfg = Debug|Win32
		{29F3D358-5418-42B0-86D8-6C5D76BEFA0E}.Debug|Mixed Platforms.ActiveCfg = Debug|Win32
		{29F3D358-5418-42B0-86D8-6C5D76BEFA0E}.Debug|Mixed Platforms.Build.0 = Debug|Win32
		{29F3D358-5418-42B0-86D8-6C5D76BEFA0E}.Debug|Win32.ActiveCfg = Debug|Win32
		{29F3D358-5418-42B0-86D8-6C5D76BEFA0E}.Debug|Win32.Build.0 = Debug|Win32
		{29F3D358-5418-42B0-86D8-6C5D76BEFA0E}.Debug|x64.ActiveCfg = Debug|Win32
		{29F3D358-5418-42B0-86D8-6C5D76BEFA0E}.Debug|x86.ActiveCfg = Debug|Win32
		{29F3D358-5418-42B0-86D8-6C5D76BEFA0E}.Debug|x86.Build.0 = Debug|Win32
		{29F3D358-5418-42B0-86D8-6C5D76BEFA0E}.Release|Any CPU.ActiveCfg = Release|Win32
		{29F3D358-5418-42B0-86D8-6C5D76BEFA0E}.Release|ARM.ActiveCfg = Release|Win32
		{29F3D358-5418-42B0-86D8-6C5D76BEFA0E}.Release|Mixed Platforms.ActiveCfg = Release|Win32
		{29F3D358-5418-42B0-86D8-6C5D76BEFA0E}.Release|Mixed Platforms.Build.0 = Release|Win32
		{29F3D358-5418-42B0-86D8-6C5D76BEFA0E}.Release|Win32.ActiveCfg = Release|Win32
		{29F3D358-5418-42B0-86D8-6C5D76BEFA0E}.Release|Win32.Build.0 = Release|Win32
		{29F3D358-5418-42B0-86D8-6C5D76BEFA0E}.Release|x64.ActiveCfg = Release|Win32
		{29F3D358-5418-42B0-86D8-6C5D76BEFA0E}.Release|x86.ActiveCfg = Release|Win32
		{29F3D358-5418-42B0-86D8-6C5D76BEFA0E}.Release|x86.Build.0 = Release|Win32
		{8C7904AD-A2E5-45EB-A7D7-5242F6204380}.Debug|Any CPU.ActiveCfg = Debug|Any CPU
		{8C7904AD-A2E5-45EB-A7D7-5242F6204380}.Debug|Any CPU.Build.0 = Debug|Any CPU
		{8C7904AD-A2E5-45EB-A7D7-5242F6204380}.Debug|ARM.ActiveCfg = Debug|Any CPU
		{8C7904AD-A2E5-45EB-A7D7-5242F6204380}.Debug|Mixed Platforms.ActiveCfg = Debug|Any CPU
		{8C7904AD-A2E5-45EB-A7D7-5242F6204380}.Debug|Mixed Platforms.Build.0 = Debug|Any CPU
		{8C7904AD-A2E5-45EB-A7D7-5242F6204380}.Debug|Win32.ActiveCfg = Debug|Any CPU
		{8C7904AD-A2E5-45EB-A7D7-5242F6204380}.Debug|x64.ActiveCfg = Debug|Any CPU
		{8C7904AD-A2E5-45EB-A7D7-5242F6204380}.Debug|x86.ActiveCfg = Debug|Any CPU
		{8C7904AD-A2E5-45EB-A7D7-5242F6204380}.Release|Any CPU.ActiveCfg = Release|Any CPU
		{8C7904AD-A2E5-45EB-A7D7-5242F6204380}.Release|Any CPU.Build.0 = Release|Any CPU
		{8C7904AD-A2E5-45EB-A7D7-5242F6204380}.Release|ARM.ActiveCfg = Release|Any CPU
		{8C7904AD-A2E5-45EB-A7D7-5242F6204380}.Release|Mixed Platforms.ActiveCfg = Release|Any CPU
		{8C7904AD-A2E5-45EB-A7D7-5242F6204380}.Release|Mixed Platforms.Build.0 = Release|Any CPU
		{8C7904AD-A2E5-45EB-A7D7-5242F6204380}.Release|Win32.ActiveCfg = Release|Any CPU
		{8C7904AD-A2E5-45EB-A7D7-5242F6204380}.Release|x64.ActiveCfg = Release|Any CPU
		{8C7904AD-A2E5-45EB-A7D7-5242F6204380}.Release|x86.ActiveCfg = Release|Any CPU
		{F25ECAAD-FF1D-493E-89BD-8E7EFB0DF86A}.Debug|Any CPU.ActiveCfg = Debug|Win32
		{F25ECAAD-FF1D-493E-89BD-8E7EFB0DF86A}.Debug|ARM.ActiveCfg = Debug|Win32
		{F25ECAAD-FF1D-493E-89BD-8E7EFB0DF86A}.Debug|Mixed Platforms.ActiveCfg = Debug|Win32
		{F25ECAAD-FF1D-493E-89BD-8E7EFB0DF86A}.Debug|Mixed Platforms.Build.0 = Debug|Win32
		{F25ECAAD-FF1D-493E-89BD-8E7EFB0DF86A}.Debug|Win32.ActiveCfg = Debug|Win32
		{F25ECAAD-FF1D-493E-89BD-8E7EFB0DF86A}.Debug|Win32.Build.0 = Debug|Win32
		{F25ECAAD-FF1D-493E-89BD-8E7EFB0DF86A}.Debug|x64.ActiveCfg = Debug|Win32
		{F25ECAAD-FF1D-493E-89BD-8E7EFB0DF86A}.Debug|x86.ActiveCfg = Debug|Win32
		{F25ECAAD-FF1D-493E-89BD-8E7EFB0DF86A}.Debug|x86.Build.0 = Debug|Win32
		{F25ECAAD-FF1D-493E-89BD-8E7EFB0DF86A}.Release|Any CPU.ActiveCfg = Release|Win32
		{F25ECAAD-FF1D-493E-89BD-8E7EFB0DF86A}.Release|ARM.ActiveCfg = Release|Win32
		{F25ECAAD-FF1D-493E-89BD-8E7EFB0DF86A}.Release|Mixed Platforms.ActiveCfg = Release|Win32
		{F25ECAAD-FF1D-493E-89BD-8E7EFB0DF86A}.Release|Mixed Platforms.Build.0 = Release|Win32
		{F25ECAAD-FF1D-493E-89BD-8E7EFB0DF86A}.Release|Win32.ActiveCfg = Release|Win32
		{F25ECAAD-FF1D-493E-89BD-8E7EFB0DF86A}.Release|Win32.Build.0 = Release|Win32
		{F25ECAAD-FF1D-493E-89BD-8E7EFB0DF86A}.Release|x64.ActiveCfg = Release|Win32
		{F25ECAAD-FF1D-493E-89BD-8E7EFB0DF86A}.Release|x86.ActiveCfg = Release|Win32
		{F25ECAAD-FF1D-493E-89BD-8E7EFB0DF86A}.Release|x86.Build.0 = Release|Win32
		{712249EE-751D-4B9D-945F-AE297DCBF2ED}.Debug|Any CPU.ActiveCfg = Debug|Win32
		{712249EE-751D-4B9D-945F-AE297DCBF2ED}.Debug|ARM.ActiveCfg = Debug|Win32
		{712249EE-751D-4B9D-945F-AE297DCBF2ED}.Debug|Mixed Platforms.ActiveCfg = Debug|Win32
		{712249EE-751D-4B9D-945F-AE297DCBF2ED}.Debug|Mixed Platforms.Build.0 = Debug|Win32
		{712249EE-751D-4B9D-945F-AE297DCBF2ED}.Debug|Win32.ActiveCfg = Debug|Win32
		{712249EE-751D-4B9D-945F-AE297DCBF2ED}.Debug|Win32.Build.0 = Debug|Win32
		{712249EE-751D-4B9D-945F-AE297DCBF2ED}.Debug|x64.ActiveCfg = Debug|Win32
		{712249EE-751D-4B9D-945F-AE297DCBF2ED}.Debug|x86.ActiveCfg = Debug|Win32
		{712249EE-751D-4B9D-945F-AE297DCBF2ED}.Debug|x86.Build.0 = Debug|Win32
		{712249EE-751D-4B9D-945F-AE297DCBF2ED}.Release|Any CPU.ActiveCfg = Release|Win32
		{712249EE-751D-4B9D-945F-AE297DCBF2ED}.Release|ARM.ActiveCfg = Release|Win32
		{712249EE-751D-4B9D-945F-AE297DCBF2ED}.Release|Mixed Platforms.ActiveCfg = Release|Win32
		{712249EE-751D-4B9D-945F-AE297DCBF2ED}.Release|Mixed Platforms.Build.0 = Release|Win32
		{712249EE-751D-4B9D-945F-AE297DCBF2ED}.Release|Win32.ActiveCfg = Release|Win32
		{712249EE-751D-4B9D-945F-AE297DCBF2ED}.Release|Win32.Build.0 = Release|Win32
		{712249EE-751D-4B9D-945F-AE297DCBF2ED}.Release|x64.ActiveCfg = Release|Win32
		{712249EE-751D-4B9D-945F-AE297DCBF2ED}.Release|x86.ActiveCfg = Release|Win32
		{712249EE-751D-4B9D-945F-AE297DCBF2ED}.Release|x86.Build.0 = Release|Win32
	EndGlobalSection
	GlobalSection(SolutionProperties) = preSolution
		HideSolutionNode = FALSE
	EndGlobalSection
	GlobalSection(NestedProjects) = preSolution
		{61DBB08E-BDFF-4D17-BFC9-3F840F6BC836} = {5B8508CC-CD10-4FB1-8EB2-B6874ABA995C}
		{CF11A840-7451-4F6D-850D-FED696DB4A52} = {A47ABAA5-3A3D-47C9-929F-DB936D60BAB1}
		{57AE32DD-279C-4A92-975A-08F004F0187F} = {DFE542F5-D67C-4449-9C10-3FF4AFE920C8}
		{29F3D358-5418-42B0-86D8-6C5D76BEFA0E} = {F3385BC5-3D3A-414D-9D51-EA134470C7A5}
		{8C7904AD-A2E5-45EB-A7D7-5242F6204380} = {7B6115DC-2FFD-4D72-8E38-56FD9D63532C}
		{F25ECAAD-FF1D-493E-89BD-8E7EFB0DF86A} = {5A6B6935-B2DB-4638-942B-CBFA15A074DD}
		{712249EE-751D-4B9D-945F-AE297DCBF2ED} = {DFE542F5-D67C-4449-9C10-3FF4AFE920C8}
	EndGlobalSection
EndGlobal
